// !$*UTF8*$!
{
	archiveVersion = 1;
	classes = {
	};
	objectVersion = 50;
	objects = {

/* Begin PBXBuildFile section */
		A280BA3726E074C1002070F2 /* AppDelegate.m in Sources */ = {isa = PBXBuildFile; fileRef = A280BA3626E074C1002070F2 /* AppDelegate.m */; };
		A280BA3D26E074C1002070F2 /* ViewController.m in Sources */ = {isa = PBXBuildFile; fileRef = A280BA3C26E074C1002070F2 /* ViewController.m */; };
		A280BA4026E074C1002070F2 /* Main.storyboard in Resources */ = {isa = PBXBuildFile; fileRef = A280BA3E26E074C1002070F2 /* Main.storyboard */; };
		A280BA4226E074C5002070F2 /* Assets.xcassets in Resources */ = {isa = PBXBuildFile; fileRef = A280BA4126E074C5002070F2 /* Assets.xcassets */; };
		A280BA4526E074C5002070F2 /* LaunchScreen.storyboard in Resources */ = {isa = PBXBuildFile; fileRef = A280BA4326E074C5002070F2 /* LaunchScreen.storyboard */; };
		A280BA4826E074C5002070F2 /* main.m in Sources */ = {isa = PBXBuildFile; fileRef = A280BA4726E074C5002070F2 /* main.m */; };
		A280BA5026E07672002070F2 /* Person.m in Sources */ = {isa = PBXBuildFile; fileRef = A280BA4F26E07672002070F2 /* Person.m */; };
		A280BA5326E098E2002070F2 /* YZRuntimeTool.m in Sources */ = {isa = PBXBuildFile; fileRef = A280BA5226E098E2002070F2 /* YZRuntimeTool.m */; };
		A280BA5626E0A000002070F2 /* YZPersonSpare.m in Sources */ = {isa = PBXBuildFile; fileRef = A280BA5526E0A000002070F2 /* YZPersonSpare.m */; };
		A280BA5926E0AEAA002070F2 /* NSURL+url.m in Sources */ = {isa = PBXBuildFile; fileRef = A280BA5826E0AEAA002070F2 /* NSURL+url.m */; };
		A280BA5C26E0B228002070F2 /* YZPersonModel.m in Sources */ = {isa = PBXBuildFile; fileRef = A280BA5B26E0B228002070F2 /* YZPersonModel.m */; };
/* End PBXBuildFile section */

/* Begin PBXFileReference section */
		A280BA3226E074C1002070F2 /* YZMessageForwardDemo.app */ = {isa = PBXFileReference; explicitFileType = wrapper.application; includeInIndex = 0; path = YZMessageForwardDemo.app; sourceTree = BUILT_PRODUCTS_DIR; };
		A280BA3526E074C1002070F2 /* AppDelegate.h */ = {isa = PBXFileReference; lastKnownFileType = sourcecode.c.h; path = AppDelegate.h; sourceTree = "<group>"; };
		A280BA3626E074C1002070F2 /* AppDelegate.m */ = {isa = PBXFileReference; lastKnownFileType = sourcecode.c.objc; path = AppDelegate.m; sourceTree = "<group>"; };
		A280BA3B26E074C1002070F2 /* ViewController.h */ = {isa = PBXFileReference; lastKnownFileType = sourcecode.c.h; path = ViewController.h; sourceTree = "<group>"; };
		A280BA3C26E074C1002070F2 /* ViewController.m */ = {isa = PBXFileReference; lastKnownFileType = sourcecode.c.objc; path = ViewController.m; sourceTree = "<group>"; };
		A280BA3F26E074C1002070F2 /* Base */ = {isa = PBXFileReference; lastKnownFileType = file.storyboard; name = Base; path = Base.lproj/Main.storyboard; sourceTree = "<group>"; };
		A280BA4126E074C5002070F2 /* Assets.xcassets */ = {isa = PBXFileReference; lastKnownFileType = folder.assetcatalog; path = Assets.xcassets; sourceTree = "<group>"; };
		A280BA4426E074C5002070F2 /* Base */ = {isa = PBXFileReference; lastKnownFileType = file.storyboard; name = Base; path = Base.lproj/LaunchScreen.storyboard; sourceTree = "<group>"; };
		A280BA4626E074C5002070F2 /* Info.plist */ = {isa = PBXFileReference; lastKnownFileType = text.plist.xml; path = Info.plist; sourceTree = "<group>"; };
		A280BA4726E074C5002070F2 /* main.m */ = {isa = PBXFileReference; lastKnownFileType = sourcecode.c.objc; path = main.m; sourceTree = "<group>"; };
		A280BA4E26E07672002070F2 /* Person.h */ = {isa = PBXFileReference; lastKnownFileType = sourcecode.c.h; path = Person.h; sourceTree = "<group>"; };
		A280BA4F26E07672002070F2 /* Person.m */ = {isa = PBXFileReference; lastKnownFileType = sourcecode.c.objc; path = Person.m; sourceTree = "<group>"; };
		A280BA5126E098E2002070F2 /* YZRuntimeTool.h */ = {isa = PBXFileReference; lastKnownFileType = sourcecode.c.h; path = YZRuntimeTool.h; sourceTree = "<group>"; };
		A280BA5226E098E2002070F2 /* YZRuntimeTool.m */ = {isa = PBXFileReference; lastKnownFileType = sourcecode.c.objc; path = YZRuntimeTool.m; sourceTree = "<group>"; };
		A280BA5426E0A000002070F2 /* YZPersonSpare.h */ = {isa = PBXFileReference; lastKnownFileType = sourcecode.c.h; path = YZPersonSpare.h; sourceTree = "<group>"; };
		A280BA5526E0A000002070F2 /* YZPersonSpare.m */ = {isa = PBXFileReference; lastKnownFileType = sourcecode.c.objc; path = YZPersonSpare.m; sourceTree = "<group>"; };
		A280BA5726E0AEAA002070F2 /* NSURL+url.h */ = {isa = PBXFileReference; lastKnownFileType = sourcecode.c.h; path = "NSURL+url.h"; sourceTree = "<group>"; };
		A280BA5826E0AEAA002070F2 /* NSURL+url.m */ = {isa = PBXFileReference; lastKnownFileType = sourcecode.c.objc; path = "NSURL+url.m"; sourceTree = "<group>"; };
		A280BA5A26E0B228002070F2 /* YZPersonModel.h */ = {isa = PBXFileReference; lastKnownFileType = sourcecode.c.h; path = YZPersonModel.h; sourceTree = "<group>"; };
		A280BA5B26E0B228002070F2 /* YZPersonModel.m */ = {isa = PBXFileReference; lastKnownFileType = sourcecode.c.objc; path = YZPersonModel.m; sourceTree = "<group>"; };
/* End PBXFileReference section */

/* Begin PBXFrameworksBuildPhase section */
		A280BA2F26E074C1002070F2 /* Frameworks */ = {
			isa = PBXFrameworksBuildPhase;
			buildActionMask = 2147483647;
			files = (
			);
			runOnlyForDeploymentPostprocessing = 0;
		};
/* End PBXFrameworksBuildPhase section */

/* Begin PBXGroup section */
		A280BA2926E074C1002070F2 = {
			isa = PBXGroup;
			children = (
				A280BA3426E074C1002070F2 /* YZMessageForwardDemo */,
				A280BA3326E074C1002070F2 /* Products */,
			);
			sourceTree = "<group>";
		};
		A280BA3326E074C1002070F2 /* Products */ = {
			isa = PBXGroup;
			children = (
				A280BA3226E074C1002070F2 /* YZMessageForwardDemo.app */,
			);
			name = Products;
			sourceTree = "<group>";
		};
		A280BA3426E074C1002070F2 /* YZMessageForwardDemo */ = {
			isa = PBXGroup;
			children = (
				A280BA3526E074C1002070F2 /* AppDelegate.h */,
				A280BA3626E074C1002070F2 /* AppDelegate.m */,
				A280BA3B26E074C1002070F2 /* ViewController.h */,
				A280BA3C26E074C1002070F2 /* ViewController.m */,
				A280BA4E26E07672002070F2 /* Person.h */,
				A280BA4F26E07672002070F2 /* Person.m */,
				A280BA5126E098E2002070F2 /* YZRuntimeTool.h */,
				A280BA5226E098E2002070F2 /* YZRuntimeTool.m */,
				A280BA5426E0A000002070F2 /* YZPersonSpare.h */,
				A280BA5526E0A000002070F2 /* YZPersonSpare.m */,
				A280BA5726E0AEAA002070F2 /* NSURL+url.h */,
				A280BA5826E0AEAA002070F2 /* NSURL+url.m */,
				A280BA5A26E0B228002070F2 /* YZPersonModel.h */,
				A280BA5B26E0B228002070F2 /* YZPersonModel.m */,
				A280BA3E26E074C1002070F2 /* Main.storyboard */,
				A280BA4126E074C5002070F2 /* Assets.xcassets */,
				A280BA4326E074C5002070F2 /* LaunchScreen.storyboard */,
				A280BA4626E074C5002070F2 /* Info.plist */,
				A280BA4726E074C5002070F2 /* main.m */,
			);
			path = YZMessageForwardDemo;
			sourceTree = "<group>";
		};
/* End PBXGroup section */

/* Begin PBXNativeTarget section */
		A280BA3126E074C1002070F2 /* YZMessageForwardDemo */ = {
			isa = PBXNativeTarget;
			buildConfigurationList = A280BA4B26E074C5002070F2 /* Build configuration list for PBXNativeTarget "YZMessageForwardDemo" */;
			buildPhases = (
				A280BA2E26E074C1002070F2 /* Sources */,
				A280BA2F26E074C1002070F2 /* Frameworks */,
				A280BA3026E074C1002070F2 /* Resources */,
			);
			buildRules = (
			);
			dependencies = (
			);
			name = YZMessageForwardDemo;
			productName = YZMessageForwardDemo;
			productReference = A280BA3226E074C1002070F2 /* YZMessageForwardDemo.app */;
			productType = "com.apple.product-type.application";
		};
/* End PBXNativeTarget section */

/* Begin PBXProject section */
		A280BA2A26E074C1002070F2 /* Project object */ = {
			isa = PBXProject;
			attributes = {
				LastUpgradeCheck = 1250;
				TargetAttributes = {
					A280BA3126E074C1002070F2 = {
						CreatedOnToolsVersion = 12.5.1;
					};
				};
			};
			buildConfigurationList = A280BA2D26E074C1002070F2 /* Build configuration list for PBXProject "YZMessageForwardDemo" */;
			compatibilityVersion = "Xcode 9.3";
			developmentRegion = en;
			hasScannedForEncodings = 0;
			knownRegions = (
				en,
				Base,
			);
			mainGroup = A280BA2926E074C1002070F2;
			productRefGroup = A280BA3326E074C1002070F2 /* Products */;
			projectDirPath = "";
			projectRoot = "";
			targets = (
				A280BA3126E074C1002070F2 /* YZMessageForwardDemo */,
			);
		};
/* End PBXProject section */

/* Begin PBXResourcesBuildPhase section */
		A280BA3026E074C1002070F2 /* Resources */ = {
			isa = PBXResourcesBuildPhase;
			buildActionMask = 2147483647;
			files = (
				A280BA4526E074C5002070F2 /* LaunchScreen.storyboard in Resources */,
				A280BA4226E074C5002070F2 /* Assets.xcassets in Resources */,
				A280BA4026E074C1002070F2 /* Main.storyboard in Resources */,
			);
			runOnlyForDeploymentPostprocessing = 0;
		};
/* End PBXResourcesBuildPhase section */

/* Begin PBXSourcesBuildPhase section */
		A280BA2E26E074C1002070F2 /* Sources */ = {
			isa = PBXSourcesBuildPhase;
			buildActionMask = 2147483647;
			files = (
				A280BA5326E098E2002070F2 /* YZRuntimeTool.m in Sources */,
				A280BA3D26E074C1002070F2 /* ViewController.m in Sources */,
				A280BA3726E074C1002070F2 /* AppDelegate.m in Sources */,
				A280BA5026E07672002070F2 /* Person.m in Sources */,
				A280BA5926E0AEAA002070F2 /* NSURL+url.m in Sources */,
				A280BA5C26E0B228002070F2 /* YZPersonModel.m in Sources */,
				A280BA4826E074C5002070F2 /* main.m in Sources */,
				A280BA5626E0A000002070F2 /* YZPersonSpare.m in Sources */,
			);
			runOnlyForDeploymentPostprocessing = 0;
		};
/* End PBXSourcesBuildPhase section */

/* Begin PBXVariantGroup section */
		A280BA3E26E074C1002070F2 /* Main.storyboard */ = {
			isa = PBXVariantGroup;
			children = (
				A280BA3F26E074C1002070F2 /* Base */,
			);
			name = Main.storyboard;
			sourceTree = "<group>";
		};
		A280BA4326E074C5002070F2 /* LaunchScreen.storyboard */ = {
			isa = PBXVariantGroup;
			children = (
				A280BA4426E074C5002070F2 /* Base */,
			);
			name = LaunchScreen.storyboard;
			sourceTree = "<group>";
		};
/* End PBXVariantGroup section */

/* Begin XCBuildConfiguration section */
		A280BA4926E074C5002070F2 /* Debug */ = {
			isa = XCBuildConfiguration;
			buildSettings = {
				ALWAYS_SEARCH_USER_PATHS = NO;
				CLANG_ANALYZER_NONNULL = YES;
				CLANG_ANALYZER_NUMBER_OBJECT_CONVERSION = YES_AGGRESSIVE;
				CLANG_CXX_LANGUAGE_STANDARD = "gnu++14";
				CLANG_CXX_LIBRARY = "libc++";
				CLANG_ENABLE_MODULES = YES;
				CLANG_ENABLE_OBJC_ARC = YES;
				CLANG_ENABLE_OBJC_WEAK = YES;
				CLANG_WARN_BLOCK_CAPTURE_AUTORELEASING = YES;
				CLANG_WARN_BOOL_CONVERSION = YES;
				CLANG_WARN_COMMA = YES;
				CLANG_WARN_CONSTANT_CONVERSION = YES;
				CLANG_WARN_DEPRECATED_OBJC_IMPLEMENTATIONS = YES;
				CLANG_WARN_DIRECT_OBJC_ISA_USAGE = YES_ERROR;
				CLANG_WARN_DOCUMENTATION_COMMENTS = YES;
				CLANG_WARN_EMPTY_BODY = YES;
				CLANG_WARN_ENUM_CONVERSION = YES;
				CLANG_WARN_INFINITE_RECURSION = YES;
				CLANG_WARN_INT_CONVERSION = YES;
				CLANG_WARN_NON_LITERAL_NULL_CONVERSION = YES;
				CLANG_WARN_OBJC_IMPLICIT_RETAIN_SELF = YES;
				CLANG_WARN_OBJC_LITERAL_CONVERSION = YES;
				CLANG_WARN_OBJC_ROOT_CLASS = YES_ERROR;
				CLANG_WARN_QUOTED_INCLUDE_IN_FRAMEWORK_HEADER = YES;
				CLANG_WARN_RANGE_LOOP_ANALYSIS = YES;
				CLANG_WARN_STRICT_PROTOTYPES = YES;
				CLANG_WARN_SUSPICIOUS_MOVE = YES;
				CLANG_WARN_UNGUARDED_AVAILABILITY = YES_AGGRESSIVE;
				CLANG_WARN_UNREACHABLE_CODE = YES;
				CLANG_WARN__DUPLICATE_METHOD_MATCH = YES;
				COPY_PHASE_STRIP = NO;
				DEBUG_INFORMATION_FORMAT = dwarf;
				ENABLE_STRICT_OBJC_MSGSEND = YES;
				ENABLE_TESTABILITY = YES;
				GCC_C_LANGUAGE_STANDARD = gnu11;
				GCC_DYNAMIC_NO_PIC = NO;
				GCC_NO_COMMON_BLOCKS = YES;
				GCC_OPTIMIZATION_LEVEL = 0;
				GCC_PREPROCESSOR_DEFINITIONS = (
					"DEBUG=1",
					"$(inherited)",
				);
				GCC_WARN_64_TO_32_BIT_CONVERSION = YES;
				GCC_WARN_ABOUT_RETURN_TYPE = YES_ERROR;
				GCC_WARN_UNDECLARED_SELECTOR = YES;
				GCC_WARN_UNINITIALIZED_AUTOS = YES_AGGRESSIVE;
				GCC_WARN_UNUSED_FUNCTION = YES;
				GCC_WARN_UNUSED_VARIABLE = YES;
				IPHONEOS_DEPLOYMENT_TARGET = 14.5;
				MTL_ENABLE_DEBUG_INFO = INCLUDE_SOURCE;
				MTL_FAST_MATH = YES;
				ONLY_ACTIVE_ARCH = YES;
				SDKROOT = iphoneos;
			};
			name = Debug;
		};
		A280BA4A26E074C5002070F2 /* Release */ = {
			isa = XCBuildConfiguration;
			buildSettings = {
				ALWAYS_SEARCH_USER_PATHS = NO;
				CLANG_ANALYZER_NONNULL = YES;
				CLANG_ANALYZER_NUMBER_OBJECT_CONVERSION = YES_AGGRESSIVE;
				CLANG_CXX_LANGUAGE_STANDARD = "gnu++14";
				CLANG_CXX_LIBRARY = "libc++";
				CLANG_ENABLE_MODULES = YES;
				CLANG_ENABLE_OBJC_ARC = YES;
				CLANG_ENABLE_OBJC_WEAK = YES;
				CLANG_WARN_BLOCK_CAPTURE_AUTORELEASING = YES;
				CLANG_WARN_BOOL_CONVERSION = YES;
				CLANG_WARN_COMMA = YES;
				CLANG_WARN_CONSTANT_CONVERSION = YES;
				CLANG_WARN_DEPRECATED_OBJC_IMPLEMENTATIONS = YES;
				CLANG_WARN_DIRECT_OBJC_ISA_USAGE = YES_ERROR;
				CLANG_WARN_DOCUMENTATION_COMMENTS = YES;
				CLANG_WARN_EMPTY_BODY = YES;
				CLANG_WARN_ENUM_CONVERSION = YES;
				CLANG_WARN_INFINITE_RECURSION = YES;
				CLANG_WARN_INT_CONVERSION = YES;
				CLANG_WARN_NON_LITERAL_NULL_CONVERSION = YES;
				CLANG_WARN_OBJC_IMPLICIT_RETAIN_SELF = YES;
				CLANG_WARN_OBJC_LITERAL_CONVERSION = YES;
				CLANG_WARN_OBJC_ROOT_CLASS = YES_ERROR;
				CLANG_WARN_QUOTED_INCLUDE_IN_FRAMEWORK_HEADER = YES;
				CLANG_WARN_RANGE_LOOP_ANALYSIS = YES;
				CLANG_WARN_STRICT_PROTOTYPES = YES;
				CLANG_WARN_SUSPICIOUS_MOVE = YES;
				CLANG_WARN_UNGUARDED_AVAILABILITY = YES_AGGRESSIVE;
				CLANG_WARN_UNREACHABLE_CODE = YES;
				CLANG_WARN__DUPLICATE_METHOD_MATCH = YES;
				COPY_PHASE_STRIP = NO;
				DEBUG_INFORMATION_FORMAT = "dwarf-with-dsym";
				ENABLE_NS_ASSERTIONS = NO;
				ENABLE_STRICT_OBJC_MSGSEND = YES;
				GCC_C_LANGUAGE_STANDARD = gnu11;
				GCC_NO_COMMON_BLOCKS = YES;
				GCC_WARN_64_TO_32_BIT_CONVERSION = YES;
				GCC_WARN_ABOUT_RETURN_TYPE = YES_ERROR;
				GCC_WARN_UNDECLARED_SELECTOR = YES;
				GCC_WARN_UNINITIALIZED_AUTOS = YES_AGGRESSIVE;
				GCC_WARN_UNUSED_FUNCTION = YES;
				GCC_WARN_UNUSED_VARIABLE = YES;
				IPHONEOS_DEPLOYMENT_TARGET = 14.5;
				MTL_ENABLE_DEBUG_INFO = NO;
				MTL_FAST_MATH = YES;
				SDKROOT = iphoneos;
				VALIDATE_PRODUCT = YES;
			};
			name = Release;
		};
		A280BA4C26E074C5002070F2 /* Debug */ = {
			isa = XCBuildConfiguration;
			buildSettings = {
				ASSETCATALOG_COMPILER_APPICON_NAME = AppIcon;
				ASSETCATALOG_COMPILER_GLOBAL_ACCENT_COLOR_NAME = AccentColor;
				CODE_SIGN_STYLE = Automatic;
				DEVELOPMENT_TEAM = 983HKNLZ6N;
				INFOPLIST_FILE = YZMessageForwardDemo/Info.plist;
				IPHONEOS_DEPLOYMENT_TARGET = 9.0;
				LD_RUNPATH_SEARCH_PATHS = (
					"$(inherited)",
					"@executable_path/Frameworks",
				);
				PRODUCT_BUNDLE_IDENTIFIER = com.lesterchen.YZMessageForwardDemo;
				PRODUCT_NAME = "$(TARGET_NAME)";
				TARGETED_DEVICE_FAMILY = "1,2";
			};
			name = Debug;
		};
		A280BA4D26E074C5002070F2 /* Release */ = {
			isa = XCBuildConfiguration;
			buildSettings = {
				ASSETCATALOG_COMPILER_APPICON_NAME = AppIcon;
				ASSETCATALOG_COMPILER_GLOBAL_ACCENT_COLOR_NAME = AccentColor;
				CODE_SIGN_STYLE = Automatic;
				DEVELOPMENT_TEAM = 983HKNLZ6N;
				INFOPLIST_FILE = YZMessageForwardDemo/Info.plist;
				IPHONEOS_DEPLOYMENT_TARGET = 9.0;
				LD_RUNPATH_SEARCH_PATHS = (
					"$(inherited)",
					"@executable_path/Frameworks",
				);
				PRODUCT_BUNDLE_IDENTIFIER = com.lesterchen.YZMessageForwardDemo;
				PRODUCT_NAME = "$(TARGET_NAME)";
				TARGETED_DEVICE_FAMILY = "1,2";
			};
			name = Release;
		};
/* End XCBuildConfiguration section */

/* Begin XCConfigurationList section */
		A280BA2D26E074C1002070F2 /* Build configuration list for PBXProject "YZMessageForwardDemo" */ = {
			isa = XCConfigurationList;
			buildConfigurations = (
				A280BA4926E074C5002070F2 /* Debug */,
				A280BA4A26E074C5002070F2 /* Release */,
			);
			defaultConfigurationIsVisible = 0;
			defaultConfigurationName = Release;
		};
		A280BA4B26E074C5002070F2 /* Build configuration list for PBXNativeTarget "YZMessageForwardDemo" */ = {
			isa = XCConfigurationList;
			buildConfigurations = (
				A280BA4C26E074C5002070F2 /* Debug */,
				A280BA4D26E074C5002070F2 /* Release */,
			);
			defaultConfigurationIsVisible = 0;
			defaultConfigurationName = Release;
		};
/* End XCConfigurationList section */
	};
	rootObject = A280BA2A26E074C1002070F2 /* Project object */;
}
